<Solution>
  <Configurations>
    <Platform Name="Any CPU" />
    <Platform Name="ARM" />
    <Platform Name="arm64" />
    <Platform Name="x64" />
    <Platform Name="x86" />
  </Configurations>
  <Folder Name="/Plugins/">
    <Project Path="KitopiaEx/KitopiaEx.csproj" />
    <Project Path="Kitopia.Desktop.PluginSdk/Kitopia.Desktop.PluginSdk.csproj" />
  </Folder>
  <Folder Name="/Plugins/HasDependencyPlugin/">
    <Project Path="HasDependencyPlugin/HasDependencyPlugin.csproj" />
    <Project Path="HasDependencyPluginBase/HasDependencyPluginBase.csproj" />
  </Folder>
  <Folder Name="/Plugins/OnnxRuntime/">
    <Project Path="OnnxRuntime.CPU/OnnxRuntime.CPU.csproj" />
    <Project Path="OnnxRuntime.Gpu.Win/OnnxRuntime.Gpu.Win.csproj" />
    <Project Path="OnnxRuntime.OpenVino/OnnxRuntime.OpenVino.csproj" />
  </Folder>
  <Project Path="build/kitopia.csproj">
    <Build Project="false" />
  </Project>
  <Project Path="ContextMenuDll/ContextMenuDll.csproj">
    <Deploy Solution="Debug|Any CPU" />
  </Project>
  <Project Path="ContextMenu.Avalonia/ContextMenu.Avalonia.csproj" />
  <Project Path="ContextMenuDllTester/ContextMenuDllTester.csproj" />
  <Project Path="Kitopia.StoreCompanionPacking/Kitopia.StoreCompanionPacking.wapproj" />
  <Project Path="Kitopia.Feature/Kitopia.Feature.csproj" />
  <Project Path="Kitopia.Feature.Avalonia/Kitopia.Feature.Avalonia.csproj" />
  <Project Path="Kitopia.Desktop.Platform.Linux/Kitopia.Desktop.Platform.Linux.csproj" />
  <Project Path="Kitopia.Desktop.Platform.Windows/Kitopia.Desktop.Platform.Windows.csproj" />
  <Project Path="Kitopia.Desktop.Abstractions/Kitopia.Desktop.Abstractions.csproj" />
  <Project Path="Kitopia.Desktop.Features/Kitopia.Desktop.Features.csproj">
    <BuildDependency Project="Kitopia.Desktop.PluginSdk/Kitopia.Desktop.PluginSdk.csproj" />
  </Project>
  <Project Path="Kitopia.Desktop/Kitopia.Desktop.csproj">
    <Platform Solution="Debug|x64" Project="x64" />
  </Project>
  <Project Path="KitopiaBenchmark/KitopiaBenchmark.csproj">
    <BuildType Solution="Debug|Any CPU" Project="Release" />
  </Project>
  <Project Path="KitopiaTest/KitopiaTest.csproj" />
  <Folder Name="/Mobile/">
    <Project Path="Mobile/Kitopia.Mobile/Kitopia.Mobile.csproj" />
    <Project Path="Mobile/Kitopia.Mobile.Android/Kitopia.Mobile.Android.csproj" />
    <Project Path="Mobile/Kitopia.Mobile.iOS/Kitopia.Mobile.iOS.csproj" />
  </Folder>
  <Project Path="NodifyM.Avalonia/NodifyM.Avalonia/NodifyM.Avalonia.csproj" />
  <Project Path="PinyinM.NET/Pinyin.NET/Pinyin.NET.csproj" />
</Solution>
